
Microsoft Visual Studio Solution File, Format Version 12.00
# Visual Studio 15
VisualStudioVersion = 15.0.27703.2026
MinimumVisualStudioVersion = 10.0.40219.1
Project("{FAE04EC0-301F-11D3-BF4B-00C04F79EFBC}") = "DotNettySharpClient", "DotNettySharpClient\DotNettySharpClient.csproj", "{8B34FE2B-E833-4CDA-9242-0D925D57769B}"
EndProject
Global
	GlobalSection(SolutionConfigurationPlatforms) = preSolution
		Debug|Any CPU = Debug|Any CPU
		Release|Any CPU = Release|Any CPU
	EndGlobalSection
	GlobalSection(ProjectConfigurationPlatforms) = postSolution
		{8B34FE2B-E833-4CDA-9242-0D925D57769B}.Debug|Any CPU.ActiveCfg = Debug|Any CPU
		{8B34FE2B-E833-4CDA-9242-0D925D57769B}.Debug|Any CPU.Build.0 = Debug|Any CPU
		{8B34FE2B-E833-4CDA-9242-0D925D57769B}.Release|Any CPU.ActiveCfg = Release|Any CPU
		{8B34FE2B-E833-4CDA-9242-0D925D57769B}.Release|Any CPU.Build.0 = Release|Any CPU
	EndGlobalSection
	GlobalSection(SolutionProperties) = preSolution
		HideSolutionNode = FALSE
	EndGlobalSection
	GlobalSection(ExtensibilityGlobals) = postSolution
		SolutionGuid = {F3E24A94-3B0B-4FBD-B61F-E95645B783F0}
	EndGlobalSection
EndGlobal
